
Microsoft Visual Studio Solution File, Format Version 12.00
# Visual Studio Version 17
VisualStudioVersion = 17.13.35806.99 d17.13
MinimumVisualStudioVersion = 10.0.40219.1
Project("{FAE04EC0-301F-11D3-BF4B-00C04F79EFBC}") = "ResourceBookingSystem", "ResourceBookingSystem\ResourceBookingSystem.csproj", "{C94F043E-7BAC-44F2-B82A-9D751CF89B22}"
EndProject
Global
	GlobalSection(SolutionConfigurationPlatforms) = preSolution
		Debug|Any CPU = Debug|Any CPU
		Release|Any CPU = Release|Any CPU
	EndGlobalSection
	GlobalSection(ProjectConfigurationPlatforms) = postSolution
		{C94F043E-7BAC-44F2-B82A-9D751CF89B22}.Debug|Any CPU.ActiveCfg = Debug|Any CPU
		{C94F043E-7BAC-44F2-B82A-9D751CF89B22}.Debug|Any CPU.Build.0 = Debug|Any CPU
		{C94F043E-7BAC-44F2-B82A-9D751CF89B22}.Release|Any CPU.ActiveCfg = Release|Any CPU
		{C94F043E-7BAC-44F2-B82A-9D751CF89B22}.Release|Any CPU.Build.0 = Release|Any CPU
	EndGlobalSection
	GlobalSection(SolutionProperties) = preSolution
		HideSolutionNode = FALSE
	EndGlobalSection
	GlobalSection(ExtensibilityGlobals) = postSolution
		SolutionGuid = {E2C1D9B2-74FF-4DF6-99C4-AE14E5DC24E5}
	EndGlobalSection
EndGlobal
